
Microsoft Visual Studio Solution File, Format Version 12.00
# Visual Studio Version 17
VisualStudioVersion = 17.5.002.0
MinimumVisualStudioVersion = 10.0.40219.1
Project("{9A19103F-16F7-4668-BE54-9A1E7A4F7556}") = "cw7", "cw7.csproj", "{0DBEB518-1C85-4D84-B1B1-0D1DA151D4DD}"
EndProject
Global
	GlobalSection(SolutionConfigurationPlatforms) = preSolution
		Debug|Any CPU = Debug|Any CPU
		Release|Any CPU = Release|Any CPU
	EndGlobalSection
	GlobalSection(ProjectConfigurationPlatforms) = postSolution
		{0DBEB518-1C85-4D84-B1B1-0D1DA151D4DD}.Debug|Any CPU.ActiveCfg = Debug|Any CPU
		{0DBEB518-1C85-4D84-B1B1-0D1DA151D4DD}.Debug|Any CPU.Build.0 = Debug|Any CPU
		{0DBEB518-1C85-4D84-B1B1-0D1DA151D4DD}.Release|Any CPU.ActiveCfg = Release|Any CPU
		{0DBEB518-1C85-4D84-B1B1-0D1DA151D4DD}.Release|Any CPU.Build.0 = Release|Any CPU
	EndGlobalSection
	GlobalSection(SolutionProperties) = preSolution
		HideSolutionNode = FALSE
	EndGlobalSection
	GlobalSection(ExtensibilityGlobals) = postSolution
		SolutionGuid = {E0E56E97-BE49-40DA-8BBD-D0EE9279FCE9}
	EndGlobalSection
EndGlobal
