Microsoft Visual Studio Solution File, Format Version 12.00
# Visual Studio Version 17
VisualStudioVersion = 17.5.2.0
MinimumVisualStudioVersion = 10.0.40219.1
Project("{FAE04EC0-301F-11D3-BF4B-00C04F79EFBC}") = "layoutGry", "layoutGry.csproj", "{BB69194A-11AB-8332-07A0-CF18D933596E}"
EndProject
Global
	GlobalSection(SolutionConfigurationPlatforms) = preSolution
		Debug|Any CPU = Debug|Any CPU
		Release|Any CPU = Release|Any CPU
	EndGlobalSection
	GlobalSection(ProjectConfigurationPlatforms) = postSolution
		{BB69194A-11AB-8332-07A0-CF18D933596E}.Debug|Any CPU.ActiveCfg = Debug|Any CPU
		{BB69194A-11AB-8332-07A0-CF18D933596E}.Debug|Any CPU.Build.0 = Debug|Any CPU
		{BB69194A-11AB-8332-07A0-CF18D933596E}.Release|Any CPU.ActiveCfg = Release|Any CPU
		{BB69194A-11AB-8332-07A0-CF18D933596E}.Release|Any CPU.Build.0 = Release|Any CPU
	EndGlobalSection
	GlobalSection(SolutionProperties) = preSolution
		HideSolutionNode = FALSE
	EndGlobalSection
	GlobalSection(ExtensibilityGlobals) = postSolution
		SolutionGuid = {5B157670-6B68-4883-A319-E4B326D56EC0}
	EndGlobalSection
EndGlobal
