
Microsoft Visual Studio Solution File, Format Version 12.00
# Visual Studio Version 17
VisualStudioVersion = 17.5.002.0
MinimumVisualStudioVersion = 10.0.40219.1
Project("{9A19103F-16F7-4668-BE54-9A1E7A4F7556}") = "cw4", "cw4.csproj", "{FF7068B7-8C5F-473E-98D2-01C43BCD672F}"
EndProject
Global
	GlobalSection(SolutionConfigurationPlatforms) = preSolution
		Debug|Any CPU = Debug|Any CPU
		Release|Any CPU = Release|Any CPU
	EndGlobalSection
	GlobalSection(ProjectConfigurationPlatforms) = postSolution
		{FF7068B7-8C5F-473E-98D2-01C43BCD672F}.Debug|Any CPU.ActiveCfg = Debug|Any CPU
		{FF7068B7-8C5F-473E-98D2-01C43BCD672F}.Debug|Any CPU.Build.0 = Debug|Any CPU
		{FF7068B7-8C5F-473E-98D2-01C43BCD672F}.Release|Any CPU.ActiveCfg = Release|Any CPU
		{FF7068B7-8C5F-473E-98D2-01C43BCD672F}.Release|Any CPU.Build.0 = Release|Any CPU
	EndGlobalSection
	GlobalSection(SolutionProperties) = preSolution
		HideSolutionNode = FALSE
	EndGlobalSection
	GlobalSection(ExtensibilityGlobals) = postSolution
		SolutionGuid = {36DF590E-4B8B-4827-8B3F-3E3177AD8427}
	EndGlobalSection
EndGlobal
