Microsoft Visual Studio Solution File, Format Version 12.00
# Visual Studio Version 17
VisualStudioVersion = 17.5.2.0
MinimumVisualStudioVersion = 10.0.40219.1
Project("{FAE04EC0-301F-11D3-BF4B-00C04F79EFBC}") = "nwdClassLib", "nwdClassLib.csproj", "{83477C80-3623-FF3A-17AB-AC5D7FF296FF}"
EndProject
Global
	GlobalSection(SolutionConfigurationPlatforms) = preSolution
		Debug|Any CPU = Debug|Any CPU
		Release|Any CPU = Release|Any CPU
	EndGlobalSection
	GlobalSection(ProjectConfigurationPlatforms) = postSolution
		{83477C80-3623-FF3A-17AB-AC5D7FF296FF}.Debug|Any CPU.ActiveCfg = Debug|Any CPU
		{83477C80-3623-FF3A-17AB-AC5D7FF296FF}.Debug|Any CPU.Build.0 = Debug|Any CPU
		{83477C80-3623-FF3A-17AB-AC5D7FF296FF}.Release|Any CPU.ActiveCfg = Release|Any CPU
		{83477C80-3623-FF3A-17AB-AC5D7FF296FF}.Release|Any CPU.Build.0 = Release|Any CPU
	EndGlobalSection
	GlobalSection(SolutionProperties) = preSolution
		HideSolutionNode = FALSE
	EndGlobalSection
	GlobalSection(ExtensibilityGlobals) = postSolution
		SolutionGuid = {72E50EC5-1B3D-4E65-A3EA-9F553BC143D1}
	EndGlobalSection
EndGlobal
